{
  "name": "sondage-initial-gen-survey",
  "version": "0.0.0",
  "lockfileVersion": 1,
  "requires": true,
  "dependencies": {
    "comma-separated-tokens": {
      "version": "1.0.7",
      "resolved": "http://localhost:4873/comma-separated-tokens/-/comma-separated-tokens-1.0.7.tgz",
      "integrity": "sha512-Jrx3xsP4pPv4AwJUDWY9wOXGtwPXARej6Xd99h4TUGotmf8APuquKMpK+dnD3UgyxK7OEWaisjZz+3b5jtL6xQ=="
    },
    "hast-util-parse-selector": {
      "version": "2.2.3",
      "resolved": "http://localhost:4873/hast-util-parse-selector/-/hast-util-parse-selector-2.2.3.tgz",
      "integrity": "sha512-nxbeqjQNxsvo/uYYAw9kij6td05YVUlf1qti09rVfbWSLT5H6wo3c+USIwX6nzXWk5kFZzXnEqO82856r0aM2Q=="
    },
    "hastscript": {
      "version": "5.1.1",
      "resolved": "http://localhost:4873/hastscript/-/hastscript-5.1.1.tgz",
      "integrity": "sha512-xHo1Hkcqd0LlWNuDL3/BxwhgAGp3d7uEvCMgCTrBY+zsOooPPH+8KAvW8PCgl+GB8H3H44nfSaF0A4BQ+4xlYg==",
      "requires": {
        "comma-separated-tokens": "^1.0.0",
        "hast-util-parse-selector": "^2.0.0",
        "property-information": "^5.0.0",
        "space-separated-tokens": "^1.0.0"
      }
    },
    "property-information": {
      "version": "5.3.0",
      "resolved": "http://localhost:4873/property-information/-/property-information-5.3.0.tgz",
      "integrity": "sha512-IslotQn1hBCZDY7SaJ3zmCjVea219VTwmOk6Pu3z9haU9m4+T8GwaDubur+6NMHEU+Fjs/6/p66z6QULPkcL1w==",
      "requires": {
        "xtend": "^4.0.1"
      }
    },
    "space-separated-tokens": {
      "version": "1.1.4",
      "resolved": "http://localhost:4873/space-separated-tokens/-/space-separated-tokens-1.1.4.tgz",
      "integrity": "sha512-UyhMSmeIqZrQn2UdjYpxEkwY9JUrn8pP+7L4f91zRzOQuI8MF1FGLfYU9DKCYeLdo7LXMxwrX5zKFy7eeeVHuA=="
    },
    "unist-builder": {
      "version": "2.0.2",
      "resolved": "http://localhost:4873/unist-builder/-/unist-builder-2.0.2.tgz",
      "integrity": "sha512-I4TpMKqInirL3CG23f1bZyGE/UJecAYHcv586XMLqIkC0iUkI1hi+WZENoaKwdguC0O8nDaYRhHtWjuSjN4HDw=="
    },
    "xtend": {
      "version": "4.0.2",
      "resolved": "http://localhost:4873/xtend/-/xtend-4.0.2.tgz",
      "integrity": "sha512-LKYU1iAXJXUgAXn9URjiu+MWhyUXHsvfp7mcuYm9dSUKK0/CjtrUwFAxD82/mCWbtLsGjFIad0wIsod4zrTAEQ=="
    }
  }
}
